
Microsoft Visual Studio Solution File, Format Version 12.00
Project("{FAE04EC0-301F-11D3-BF4B-00C04F79EFBC}") = "VetClinic", "VetClinic\VetClinic.csproj", "{747AEE4A-39FF-4683-B832-1A779252336D}"
EndProject
Global
	GlobalSection(SolutionConfigurationPlatforms) = preSolution
		Debug|Any CPU = Debug|Any CPU
		Release|Any CPU = Release|Any CPU
	EndGlobalSection
	GlobalSection(ProjectConfigurationPlatforms) = postSolution
		{747AEE4A-39FF-4683-B832-1A779252336D}.Debug|Any CPU.ActiveCfg = Debug|Any CPU
		{747AEE4A-39FF-4683-B832-1A779252336D}.Debug|Any CPU.Build.0 = Debug|Any CPU
		{747AEE4A-39FF-4683-B832-1A779252336D}.Release|Any CPU.ActiveCfg = Release|Any CPU
		{747AEE4A-39FF-4683-B832-1A779252336D}.Release|Any CPU.Build.0 = Release|Any CPU
	EndGlobalSection
EndGlobal
